
Microsoft Visual Studio Solution File, Format Version 12.00
# Visual Studio Version 17
VisualStudioVersion = 17.3.32804.467
MinimumVisualStudioVersion = 10.0.40219.1
Project("{FAE04EC0-301F-11D3-BF4B-00C04F79EFBC}") = "redis-aspnet-core-example", "redis-aspnet-core-example.csproj", "{F875D003-8D2C-4D7B-944C-6CB49F3BF58E}"
EndProject
Global
	GlobalSection(SolutionConfigurationPlatforms) = preSolution
		Debug|Any CPU = Debug|Any CPU
		Release|Any CPU = Release|Any CPU
	EndGlobalSection
	GlobalSection(ProjectConfigurationPlatforms) = postSolution
		{F875D003-8D2C-4D7B-944C-6CB49F3BF58E}.Debug|Any CPU.ActiveCfg = Debug|Any CPU
		{F875D003-8D2C-4D7B-944C-6CB49F3BF58E}.Debug|Any CPU.Build.0 = Debug|Any CPU
		{F875D003-8D2C-4D7B-944C-6CB49F3BF58E}.Release|Any CPU.ActiveCfg = Release|Any CPU
		{F875D003-8D2C-4D7B-944C-6CB49F3BF58E}.Release|Any CPU.Build.0 = Release|Any CPU
	EndGlobalSection
	GlobalSection(SolutionProperties) = preSolution
		HideSolutionNode = FALSE
	EndGlobalSection
	GlobalSection(ExtensibilityGlobals) = postSolution
		SolutionGuid = {1B3542F6-5A8D-4B4D-8AC7-EDD0D1B20FC4}
	EndGlobalSection
EndGlobal
